
Microsoft Visual Studio Solution File, Format Version 12.00
# Visual Studio 14
VisualStudioVersion = 14.0.23107.0
MinimumVisualStudioVersion = 10.0.40219.1
Project("{FAE04EC0-301F-11D3-BF4B-00C04F79EFBC}") = "TradingCardEngine", "TradingCardEngine\TradingCardEngine.csproj", "{3D8843B6-3D0B-458E-BA50-FB04198BB8A2}"
EndProject
Project("{2150E333-8FDC-42A3-9474-1A3956D46DE8}") = "Unit Tests", "Unit Tests", "{9613516B-0560-40C8-880C-D98197DFFE14}"
EndProject
Project("{FAE04EC0-301F-11D3-BF4B-00C04F79EFBC}") = "TradingCardCli", "TradingCardCli\TradingCardCli.csproj", "{998BFCEC-1B72-469D-AEF4-36A6BD403DFC}"
EndProject
Project("{F2A71F9B-5D33-465A-A702-920D77279786}") = "TradingCardEngineUnitTests", "TradingCardEngineUnitTests\TradingCardEngineUnitTests.fsproj", "{5D789D16-0868-4B18-B01F-5B816232F194}"
EndProject
Project("{2150E333-8FDC-42A3-9474-1A3956D46DE8}") = "Integration Tests", "Integration Tests", "{56BC0AC3-5E15-4C69-A719-D6BB6F6135C1}"
EndProject
Project("{F2A71F9B-5D33-465A-A702-920D77279786}") = "TradingCardIntegrationTests", "TradingCardIntegrationTests\TradingCardIntegrationTests.fsproj", "{126D4472-2F60-4C5B-9873-BC8B29C3656D}"
EndProject
Project("{2150E333-8FDC-42A3-9474-1A3956D46DE8}") = "BDD Testing", "BDD Testing", "{C01F2CA0-7AAD-4560-8432-D30D24C8BD9A}"
EndProject
Project("{FAE04EC0-301F-11D3-BF4B-00C04F79EFBC}") = "SpecflowDefinitions", "SpecflowDefinitions\SpecflowDefinitions.csproj", "{6DF2CF32-4DA7-4C4A-80E5-DD6E04D100F4}"
EndProject
Project("{F2A71F9B-5D33-465A-A702-920D77279786}") = "SpecflowSteps", "Specflow Steps\SpecflowSteps.fsproj", "{95C7854F-E5C2-42EA-BB98-D5142CC1F949}"
EndProject
Project("{FAE04EC0-301F-11D3-BF4B-00C04F79EFBC}") = "TradingCardWeb", "TradingCardWeb\TradingCardWeb.csproj", "{E1994045-EABE-4EE6-9E44-36A9F4B966AB}"
EndProject
Project("{F2A71F9B-5D33-465A-A702-920D77279786}") = "TickSpeckTests", "TickSpeckTests\TickSpeckTests.fsproj", "{A2388F1C-F862-41DD-940F-F6B5387473FA}"
EndProject
Project("{2150E333-8FDC-42A3-9474-1A3956D46DE8}") = "Web Testing", "Web Testing", "{69D0C7FA-C8DE-403E-A416-D852568475B1}"
EndProject
Project("{F2A71F9B-5D33-465A-A702-920D77279786}") = "CanopyTestsCLI", "CanopyTestsCLI\CanopyTestsCLI.fsproj", "{C530665E-34CC-461A-BEA5-A84E4B780A2E}"
EndProject
Global
	GlobalSection(SolutionConfigurationPlatforms) = preSolution
		Debug|Any CPU = Debug|Any CPU
		Release|Any CPU = Release|Any CPU
	EndGlobalSection
	GlobalSection(ProjectConfigurationPlatforms) = postSolution
		{3D8843B6-3D0B-458E-BA50-FB04198BB8A2}.Debug|Any CPU.ActiveCfg = Debug|Any CPU
		{3D8843B6-3D0B-458E-BA50-FB04198BB8A2}.Debug|Any CPU.Build.0 = Debug|Any CPU
		{3D8843B6-3D0B-458E-BA50-FB04198BB8A2}.Release|Any CPU.ActiveCfg = Release|Any CPU
		{3D8843B6-3D0B-458E-BA50-FB04198BB8A2}.Release|Any CPU.Build.0 = Release|Any CPU
		{998BFCEC-1B72-469D-AEF4-36A6BD403DFC}.Debug|Any CPU.ActiveCfg = Debug|Any CPU
		{998BFCEC-1B72-469D-AEF4-36A6BD403DFC}.Debug|Any CPU.Build.0 = Debug|Any CPU
		{998BFCEC-1B72-469D-AEF4-36A6BD403DFC}.Release|Any CPU.ActiveCfg = Release|Any CPU
		{998BFCEC-1B72-469D-AEF4-36A6BD403DFC}.Release|Any CPU.Build.0 = Release|Any CPU
		{5D789D16-0868-4B18-B01F-5B816232F194}.Debug|Any CPU.ActiveCfg = Debug|Any CPU
		{5D789D16-0868-4B18-B01F-5B816232F194}.Debug|Any CPU.Build.0 = Debug|Any CPU
		{5D789D16-0868-4B18-B01F-5B816232F194}.Release|Any CPU.ActiveCfg = Release|Any CPU
		{5D789D16-0868-4B18-B01F-5B816232F194}.Release|Any CPU.Build.0 = Release|Any CPU
		{126D4472-2F60-4C5B-9873-BC8B29C3656D}.Debug|Any CPU.ActiveCfg = Debug|Any CPU
		{126D4472-2F60-4C5B-9873-BC8B29C3656D}.Debug|Any CPU.Build.0 = Debug|Any CPU
		{126D4472-2F60-4C5B-9873-BC8B29C3656D}.Release|Any CPU.ActiveCfg = Release|Any CPU
		{126D4472-2F60-4C5B-9873-BC8B29C3656D}.Release|Any CPU.Build.0 = Release|Any CPU
		{6DF2CF32-4DA7-4C4A-80E5-DD6E04D100F4}.Debug|Any CPU.ActiveCfg = Debug|Any CPU
		{6DF2CF32-4DA7-4C4A-80E5-DD6E04D100F4}.Debug|Any CPU.Build.0 = Debug|Any CPU
		{6DF2CF32-4DA7-4C4A-80E5-DD6E04D100F4}.Release|Any CPU.ActiveCfg = Release|Any CPU
		{6DF2CF32-4DA7-4C4A-80E5-DD6E04D100F4}.Release|Any CPU.Build.0 = Release|Any CPU
		{95C7854F-E5C2-42EA-BB98-D5142CC1F949}.Debug|Any CPU.ActiveCfg = Debug|Any CPU
		{95C7854F-E5C2-42EA-BB98-D5142CC1F949}.Debug|Any CPU.Build.0 = Debug|Any CPU
		{95C7854F-E5C2-42EA-BB98-D5142CC1F949}.Release|Any CPU.ActiveCfg = Release|Any CPU
		{95C7854F-E5C2-42EA-BB98-D5142CC1F949}.Release|Any CPU.Build.0 = Release|Any CPU
		{E1994045-EABE-4EE6-9E44-36A9F4B966AB}.Debug|Any CPU.ActiveCfg = Debug|Any CPU
		{E1994045-EABE-4EE6-9E44-36A9F4B966AB}.Debug|Any CPU.Build.0 = Debug|Any CPU
		{E1994045-EABE-4EE6-9E44-36A9F4B966AB}.Release|Any CPU.ActiveCfg = Release|Any CPU
		{E1994045-EABE-4EE6-9E44-36A9F4B966AB}.Release|Any CPU.Build.0 = Release|Any CPU
		{A2388F1C-F862-41DD-940F-F6B5387473FA}.Debug|Any CPU.ActiveCfg = Debug|Any CPU
		{A2388F1C-F862-41DD-940F-F6B5387473FA}.Debug|Any CPU.Build.0 = Debug|Any CPU
		{A2388F1C-F862-41DD-940F-F6B5387473FA}.Release|Any CPU.ActiveCfg = Release|Any CPU
		{A2388F1C-F862-41DD-940F-F6B5387473FA}.Release|Any CPU.Build.0 = Release|Any CPU
		{C530665E-34CC-461A-BEA5-A84E4B780A2E}.Debug|Any CPU.ActiveCfg = Debug|Any CPU
		{C530665E-34CC-461A-BEA5-A84E4B780A2E}.Debug|Any CPU.Build.0 = Debug|Any CPU
		{C530665E-34CC-461A-BEA5-A84E4B780A2E}.Release|Any CPU.ActiveCfg = Release|Any CPU
		{C530665E-34CC-461A-BEA5-A84E4B780A2E}.Release|Any CPU.Build.0 = Release|Any CPU
	EndGlobalSection
	GlobalSection(SolutionProperties) = preSolution
		HideSolutionNode = FALSE
	EndGlobalSection
	GlobalSection(NestedProjects) = preSolution
		{5D789D16-0868-4B18-B01F-5B816232F194} = {9613516B-0560-40C8-880C-D98197DFFE14}
		{126D4472-2F60-4C5B-9873-BC8B29C3656D} = {56BC0AC3-5E15-4C69-A719-D6BB6F6135C1}
		{6DF2CF32-4DA7-4C4A-80E5-DD6E04D100F4} = {C01F2CA0-7AAD-4560-8432-D30D24C8BD9A}
		{95C7854F-E5C2-42EA-BB98-D5142CC1F949} = {C01F2CA0-7AAD-4560-8432-D30D24C8BD9A}
		{A2388F1C-F862-41DD-940F-F6B5387473FA} = {C01F2CA0-7AAD-4560-8432-D30D24C8BD9A}
		{C530665E-34CC-461A-BEA5-A84E4B780A2E} = {69D0C7FA-C8DE-403E-A416-D852568475B1}
	EndGlobalSection
EndGlobal
